
Microsoft Visual Studio Solution File, Format Version 12.00
# Visual Studio Version 16
VisualStudioVersion = 16.0.33529.622
MinimumVisualStudioVersion = 10.0.40219.1
Project("{FAE04EC0-301F-11D3-BF4B-00C04F79EFBC}") = "UseSelenium", "UseSelenium\UseSelenium.csproj", "{37D12BE7-E2CA-44A8-BD3C-FF255EAC0A65}"
EndProject
Project("{FAE04EC0-301F-11D3-BF4B-00C04F79EFBC}") = "ConsoleApp1", "ConsoleApp1\ConsoleApp1.csproj", "{545DBEDA-F3CD-447A-A4BE-80CE9420B2BB}"
EndProject
Project("{FAE04EC0-301F-11D3-BF4B-00C04F79EFBC}") = "ConsoleApp2", "ConsoleApp2\ConsoleApp2.csproj", "{1EBEB9BB-E590-44E7-89BC-FC7C98784D2A}"
EndProject
Global
	GlobalSection(SolutionConfigurationPlatforms) = preSolution
		Debug|Any CPU = Debug|Any CPU
		Release|Any CPU = Release|Any CPU
	EndGlobalSection
	GlobalSection(ProjectConfigurationPlatforms) = postSolution
		{37D12BE7-E2CA-44A8-BD3C-FF255EAC0A65}.Debug|Any CPU.ActiveCfg = Debug|Any CPU
		{37D12BE7-E2CA-44A8-BD3C-FF255EAC0A65}.Debug|Any CPU.Build.0 = Debug|Any CPU
		{37D12BE7-E2CA-44A8-BD3C-FF255EAC0A65}.Release|Any CPU.ActiveCfg = Release|Any CPU
		{37D12BE7-E2CA-44A8-BD3C-FF255EAC0A65}.Release|Any CPU.Build.0 = Release|Any CPU
		{545DBEDA-F3CD-447A-A4BE-80CE9420B2BB}.Debug|Any CPU.ActiveCfg = Debug|Any CPU
		{545DBEDA-F3CD-447A-A4BE-80CE9420B2BB}.Debug|Any CPU.Build.0 = Debug|Any CPU
		{545DBEDA-F3CD-447A-A4BE-80CE9420B2BB}.Release|Any CPU.ActiveCfg = Release|Any CPU
		{545DBEDA-F3CD-447A-A4BE-80CE9420B2BB}.Release|Any CPU.Build.0 = Release|Any CPU
		{1EBEB9BB-E590-44E7-89BC-FC7C98784D2A}.Debug|Any CPU.ActiveCfg = Debug|Any CPU
		{1EBEB9BB-E590-44E7-89BC-FC7C98784D2A}.Debug|Any CPU.Build.0 = Debug|Any CPU
		{1EBEB9BB-E590-44E7-89BC-FC7C98784D2A}.Release|Any CPU.ActiveCfg = Release|Any CPU
		{1EBEB9BB-E590-44E7-89BC-FC7C98784D2A}.Release|Any CPU.Build.0 = Release|Any CPU
	EndGlobalSection
	GlobalSection(SolutionProperties) = preSolution
		HideSolutionNode = FALSE
	EndGlobalSection
	GlobalSection(ExtensibilityGlobals) = postSolution
		SolutionGuid = {922CD5A1-C458-4E23-9BA6-EA97A7413BA8}
	EndGlobalSection
EndGlobal
